
Microsoft Visual Studio Solution File, Format Version 12.00
# Visual Studio Version 17
VisualStudioVersion = 17.5.33530.505
MinimumVisualStudioVersion = 10.0.40219.1
Project("{FAE04EC0-301F-11D3-BF4B-00C04F79EFBC}") = "Ref", "Ref\Ref.csproj", "{D5E8E937-72A6-46E5-88F4-A97CF3E4D1CB}"
EndProject
Global
	GlobalSection(SolutionConfigurationPlatforms) = preSolution
		Debug|Any CPU = Debug|Any CPU
		Release|Any CPU = Release|Any CPU
	EndGlobalSection
	GlobalSection(ProjectConfigurationPlatforms) = postSolution
		{D5E8E937-72A6-46E5-88F4-A97CF3E4D1CB}.Debug|Any CPU.ActiveCfg = Debug|Any CPU
		{D5E8E937-72A6-46E5-88F4-A97CF3E4D1CB}.Debug|Any CPU.Build.0 = Debug|Any CPU
		{D5E8E937-72A6-46E5-88F4-A97CF3E4D1CB}.Release|Any CPU.ActiveCfg = Release|Any CPU
		{D5E8E937-72A6-46E5-88F4-A97CF3E4D1CB}.Release|Any CPU.Build.0 = Release|Any CPU
	EndGlobalSection
	GlobalSection(SolutionProperties) = preSolution
		HideSolutionNode = FALSE
	EndGlobalSection
	GlobalSection(ExtensibilityGlobals) = postSolution
		SolutionGuid = {A85ACE9B-9974-4C6F-B85D-CA488C47E7BF}
	EndGlobalSection
EndGlobal
